dependencies:
- name: postgresql
  repository: https://charts.bitnami.com/bitnami
  version: 12.12.10
- name: redis
  repository: https://charts.bitnami.com/bitnami
  version: 17.17.1
- name: prometheus
  repository: https://prometheus-community.github.io/helm-charts
  version: 25.30.2
- name: grafana
  repository: https://grafana.github.io/helm-charts
  version: 6.61.2
digest: sha256:da9d96155dc6efe6d7d950db5ac417cfb51dc0e9a42517181f8e086cff22fc91
generated: "2025-10-24T17:05:22.052389318+02:00"
